
Microsoft Visual Studio Solution File, Format Version 12.00
# Visual Studio Version 16
VisualStudioVersion = 16.0.31313.79
MinimumVisualStudioVersion = 10.0.40219.1
Project("{FAE04EC0-301F-11D3-BF4B-00C04F79EFBC}") = "BTL_HĐH", "BTL_HĐH\BTL_HĐH.csproj", "{FBE5475B-949D-44BE-BAD2-2E238FB74C44}"
EndProject
Global
	GlobalSection(SolutionConfigurationPlatforms) = preSolution
		Debug|Any CPU = Debug|Any CPU
		Release|Any CPU = Release|Any CPU
	EndGlobalSection
	GlobalSection(ProjectConfigurationPlatforms) = postSolution
		{FBE5475B-949D-44BE-BAD2-2E238FB74C44}.Debug|Any CPU.ActiveCfg = Debug|Any CPU
		{FBE5475B-949D-44BE-BAD2-2E238FB74C44}.Debug|Any CPU.Build.0 = Debug|Any CPU
		{FBE5475B-949D-44BE-BAD2-2E238FB74C44}.Release|Any CPU.ActiveCfg = Release|Any CPU
		{FBE5475B-949D-44BE-BAD2-2E238FB74C44}.Release|Any CPU.Build.0 = Release|Any CPU
	EndGlobalSection
	GlobalSection(SolutionProperties) = preSolution
		HideSolutionNode = FALSE
	EndGlobalSection
	GlobalSection(ExtensibilityGlobals) = postSolution
		SolutionGuid = {D1DEF6AA-4171-4635-911D-AA5CEF9A0EE7}
	EndGlobalSection
EndGlobal
